
Microsoft Visual Studio Solution File, Format Version 12.00
# Visual Studio Version 17
VisualStudioVersion = 17.14.36401.2 d17.14
MinimumVisualStudioVersion = 10.0.40219.1
Project("{FAE04EC0-301F-11D3-BF4B-00C04F79EFBC}") = "FloatBall", "FloatBall.csproj", "{DBB26DA2-6704-48E8-90CA-46B26DECB206}"
EndProject
Project("{FAE04EC0-301F-11D3-BF4B-00C04F79EFBC}") = "FloatBall.Core", "..\FloatBall.Core\FloatBall.Core.csproj", "{149D18D7-2414-48FC-9A00-B3E7B15DC6E3}"
EndProject
Global
	GlobalSection(SolutionConfigurationPlatforms) = preSolution
		Debug|Any CPU = Debug|Any CPU
		Release|Any CPU = Release|Any CPU
	EndGlobalSection
	GlobalSection(ProjectConfigurationPlatforms) = postSolution
		{DBB26DA2-6704-48E8-90CA-46B26DECB206}.Debug|Any CPU.ActiveCfg = Debug|Any CPU
		{DBB26DA2-6704-48E8-90CA-46B26DECB206}.Debug|Any CPU.Build.0 = Debug|Any CPU
		{DBB26DA2-6704-48E8-90CA-46B26DECB206}.Release|Any CPU.ActiveCfg = Release|Any CPU
		{DBB26DA2-6704-48E8-90CA-46B26DECB206}.Release|Any CPU.Build.0 = Release|Any CPU
		{149D18D7-2414-48FC-9A00-B3E7B15DC6E3}.Debug|Any CPU.ActiveCfg = Debug|Any CPU
		{149D18D7-2414-48FC-9A00-B3E7B15DC6E3}.Debug|Any CPU.Build.0 = Debug|Any CPU
		{149D18D7-2414-48FC-9A00-B3E7B15DC6E3}.Release|Any CPU.ActiveCfg = Release|Any CPU
		{149D18D7-2414-48FC-9A00-B3E7B15DC6E3}.Release|Any CPU.Build.0 = Release|Any CPU
	EndGlobalSection
	GlobalSection(SolutionProperties) = preSolution
		HideSolutionNode = FALSE
	EndGlobalSection
	GlobalSection(ExtensibilityGlobals) = postSolution
		SolutionGuid = {D533D445-783E-4F52-8045-FD5AB8834C10}
	EndGlobalSection
EndGlobal
